
Microsoft Visual Studio Solution File, Format Version 12.00
# Visual Studio 15
VisualStudioVersion = 15.0.28307.168
MinimumVisualStudioVersion = 10.0.40219.1
Project("{FAE04EC0-301F-11D3-BF4B-00C04F79EFBC}") = "DBLab4", "DBLab4\DBLab4.csproj", "{A969758E-9885-4D0E-B628-F71C45C8461C}"
EndProject
Global
	GlobalSection(SolutionConfigurationPlatforms) = preSolution
		Debug|Any CPU = Debug|Any CPU
		Release|Any CPU = Release|Any CPU
	EndGlobalSection
	GlobalSection(ProjectConfigurationPlatforms) = postSolution
		{A969758E-9885-4D0E-B628-F71C45C8461C}.Debug|Any CPU.ActiveCfg = Debug|Any CPU
		{A969758E-9885-4D0E-B628-F71C45C8461C}.Debug|Any CPU.Build.0 = Debug|Any CPU
		{A969758E-9885-4D0E-B628-F71C45C8461C}.Release|Any CPU.ActiveCfg = Release|Any CPU
		{A969758E-9885-4D0E-B628-F71C45C8461C}.Release|Any CPU.Build.0 = Release|Any CPU
	EndGlobalSection
	GlobalSection(SolutionProperties) = preSolution
		HideSolutionNode = FALSE
	EndGlobalSection
	GlobalSection(ExtensibilityGlobals) = postSolution
		SolutionGuid = {ABADB40B-427F-459D-9037-4C64B1D768B5}
	EndGlobalSection
EndGlobal
